{
  "name": "@akurasiudara/img2webp",
  "version": "1.2.0",
  "lockfileVersion": 3,
  "requires": true,
  "packages": {
    "": {
      "name": "@akurasiudara/img2webp",
      "version": "1.2.0",
      "license": "MIT",
      "dependencies": {
        "libwebp-static": "^1.0.4"
      },
      "bin": {
        "img2webp": "bin/img2webp"
      },
      "engines": {
        "bun": ">=0.1.0",
        "node": ">=12.0.0"
      }
    },
    "node_modules/libwebp-static": {
      "version": "1.0.5",
      "resolved": "https://registry.npmjs.org/libwebp-static/-/libwebp-static-1.0.5.tgz",
      "integrity": "sha512-zwR7IUgFX3FzKhN8R3IJ5z0Jd7EAL/drhtJHQNvW21pyc8G/HtRCXyMg/d8B8lpmaeAtDD68VQzewnMPGSOORg==",
      "hasInstallScript": true,
      "license": "GPL-3.0-or-later"
    }
  }
}
